{
  "requires": true,
  "lockfileVersion": 1,
  "dependencies": {
    "@remix-run/router": {
      "version": "1.4.0",
      "resolved": "https://registry.npmjs.org/@remix-run/router/-/router-1.4.0.tgz",
      "integrity": "sha512-BJ9SxXux8zAg991UmT8slpwpsd31K1dHHbD3Ba4VzD+liLQ4WAMSxQp2d2ZPRPfN0jN2NPRowcSSoM7lCaF08Q=="
    },
    "base58-js": {
      "version": "2.0.0",
      "resolved": "https://registry.npmjs.org/base58-js/-/base58-js-2.0.0.tgz",
      "integrity": "sha512-nAV5d32QXuGcGptSApkKpC1gGakWBnfJMNjKrYTBh4tb0szfZF+ooueFLy8T4VrY+o4SrE/TyrtUnRZcwZchaA=="
    },
    "base64-js": {
      "version": "1.5.1",
      "resolved": "https://registry.npmjs.org/base64-js/-/base64-js-1.5.1.tgz",
      "integrity": "sha512-AKpaYlHn8t4SVbOHCy+b5+KKgvR4vrsD8vbvrbiQJps7fKDTkjkDry6ji0rUJjC0kzbNePLwzxq8iypo41qeWA=="
    },
    "buffer": {
      "version": "6.0.3",
      "resolved": "https://registry.npmjs.org/buffer/-/buffer-6.0.3.tgz",
      "integrity": "sha512-FTiCpNxtwiZZHEZbcbTIcZjERVICn9yq/pDFkTl95/AxzD1naBctN7YO68riM/gLSDY7sdrMby8hofADYuuqOA==",
      "requires": {
        "base64-js": "^1.3.1",
        "ieee754": "^1.2.1"
      }
    },
    "ieee754": {
      "version": "1.2.1",
      "resolved": "https://registry.npmjs.org/ieee754/-/ieee754-1.2.1.tgz",
      "integrity": "sha512-dcyqhDvX1C46lXZcVqCpK+FtMRQVdIMN6/Df5js2zouUsqG7I6sFxitIC+7KYK29KdXOLHdu9zL4sFnoVQnqaA=="
    },
    "react-router": {
      "version": "6.9.0",
      "resolved": "https://registry.npmjs.org/react-router/-/react-router-6.9.0.tgz",
      "integrity": "sha512-51lKevGNUHrt6kLuX3e/ihrXoXCa9ixY/nVWRLlob4r/l0f45x3SzBvYJe3ctleLUQQ5fVa4RGgJOTH7D9Umhw==",
      "requires": {
        "@remix-run/router": "1.4.0"
      }
    },
    "react-router-dom": {
      "version": "6.9.0",
      "resolved": "https://registry.npmjs.org/react-router-dom/-/react-router-dom-6.9.0.tgz",
      "integrity": "sha512-/seUAPY01VAuwkGyVBPCn1OXfVbaWGGu4QN9uj0kCPcTyNYgL1ldZpxZUpRU7BLheKQI4Twtl/OW2nHRF1u26Q==",
      "requires": {
        "@remix-run/router": "1.4.0",
        "react-router": "6.9.0"
      }
    }
  }
}
